
Microsoft Visual Studio Solution File, Format Version 12.00
# Visual Studio Version 17
VisualStudioVersion = 17.3.32929.385
MinimumVisualStudioVersion = 10.0.40219.1
Project("{FAE04EC0-301F-11D3-BF4B-00C04F79EFBC}") = "WpfMSMQDemos", "WpfMSMQDemos\WpfMSMQDemos.csproj", "{5F65D584-F891-4E40-B191-EC97A8BB382A}"
EndProject
Global
	GlobalSection(SolutionConfigurationPlatforms) = preSolution
		Debug|Any CPU = Debug|Any CPU
		Release|Any CPU = Release|Any CPU
	EndGlobalSection
	GlobalSection(ProjectConfigurationPlatforms) = postSolution
		{5F65D584-F891-4E40-B191-EC97A8BB382A}.Debug|Any CPU.ActiveCfg = Debug|Any CPU
		{5F65D584-F891-4E40-B191-EC97A8BB382A}.Debug|Any CPU.Build.0 = Debug|Any CPU
		{5F65D584-F891-4E40-B191-EC97A8BB382A}.Release|Any CPU.ActiveCfg = Release|Any CPU
		{5F65D584-F891-4E40-B191-EC97A8BB382A}.Release|Any CPU.Build.0 = Release|Any CPU
	EndGlobalSection
	GlobalSection(SolutionProperties) = preSolution
		HideSolutionNode = FALSE
	EndGlobalSection
	GlobalSection(ExtensibilityGlobals) = postSolution
		SolutionGuid = {83D3B280-632F-494D-91C2-5C115E35527F}
	EndGlobalSection
EndGlobal
